
Microsoft Visual Studio Solution File, Format Version 12.00
# Visual Studio Version 16
VisualStudioVersion = 16.0.28917.182
MinimumVisualStudioVersion = 10.0.40219.1
Project("{FAE04EC0-301F-11D3-BF4B-00C04F79EFBC}") = "CommandLineArgumentsParser", "CommandLineArgumentsParser\CommandLineArgumentsParser.csproj", "{5A2795FD-5E56-4717-A5A1-F5E4F9C5B548}"
EndProject
Project("{FAE04EC0-301F-11D3-BF4B-00C04F79EFBC}") = "ParserTest", "ParserTest\ParserTest.csproj", "{837A3EBE-CBCC-49A8-B1B6-AF6F88657667}"
EndProject
Global
	GlobalSection(SolutionConfigurationPlatforms) = preSolution
		Debug|Any CPU = Debug|Any CPU
		Release|Any CPU = Release|Any CPU
	EndGlobalSection
	GlobalSection(ProjectConfigurationPlatforms) = postSolution
		{5A2795FD-5E56-4717-A5A1-F5E4F9C5B548}.Debug|Any CPU.ActiveCfg = Debug|Any CPU
		{5A2795FD-5E56-4717-A5A1-F5E4F9C5B548}.Debug|Any CPU.Build.0 = Debug|Any CPU
		{5A2795FD-5E56-4717-A5A1-F5E4F9C5B548}.Release|Any CPU.ActiveCfg = Release|Any CPU
		{5A2795FD-5E56-4717-A5A1-F5E4F9C5B548}.Release|Any CPU.Build.0 = Release|Any CPU
		{837A3EBE-CBCC-49A8-B1B6-AF6F88657667}.Debug|Any CPU.ActiveCfg = Debug|Any CPU
		{837A3EBE-CBCC-49A8-B1B6-AF6F88657667}.Debug|Any CPU.Build.0 = Debug|Any CPU
		{837A3EBE-CBCC-49A8-B1B6-AF6F88657667}.Release|Any CPU.ActiveCfg = Release|Any CPU
		{837A3EBE-CBCC-49A8-B1B6-AF6F88657667}.Release|Any CPU.Build.0 = Release|Any CPU
	EndGlobalSection
	GlobalSection(SolutionProperties) = preSolution
		HideSolutionNode = FALSE
	EndGlobalSection
	GlobalSection(ExtensibilityGlobals) = postSolution
		SolutionGuid = {83F1CDB0-386C-4649-BC83-F398C6F2FD16}
	EndGlobalSection
EndGlobal
